
Microsoft Visual Studio Solution File, Format Version 12.00
# Visual Studio 2013
VisualStudioVersion = 12.0.21005.1
MinimumVisualStudioVersion = 10.0.40219.1
Project("{FAE04EC0-301F-11D3-BF4B-00C04F79EFBC}") = "Whiteboard", "Whiteboard\Whiteboard.csproj", "{CD7B147C-FCD1-46C6-AAD1-089BD60F5E07}"
EndProject
Project("{FAE04EC0-301F-11D3-BF4B-00C04F79EFBC}") = "WpfUtils", "WpfUtils\WpfUtils.csproj", "{EF0D3529-785C-4A89-B3CE-5D44575D6929}"
EndProject
Global
	GlobalSection(SolutionConfigurationPlatforms) = preSolution
		Debug|Any CPU = Debug|Any CPU
		Release|Any CPU = Release|Any CPU
	EndGlobalSection
	GlobalSection(ProjectConfigurationPlatforms) = postSolution
		{CD7B147C-FCD1-46C6-AAD1-089BD60F5E07}.Debug|Any CPU.ActiveCfg = Debug|Any CPU
		{CD7B147C-FCD1-46C6-AAD1-089BD60F5E07}.Debug|Any CPU.Build.0 = Debug|Any CPU
		{CD7B147C-FCD1-46C6-AAD1-089BD60F5E07}.Release|Any CPU.ActiveCfg = Release|Any CPU
		{CD7B147C-FCD1-46C6-AAD1-089BD60F5E07}.Release|Any CPU.Build.0 = Release|Any CPU
		{EF0D3529-785C-4A89-B3CE-5D44575D6929}.Debug|Any CPU.ActiveCfg = Debug|Any CPU
		{EF0D3529-785C-4A89-B3CE-5D44575D6929}.Debug|Any CPU.Build.0 = Debug|Any CPU
		{EF0D3529-785C-4A89-B3CE-5D44575D6929}.Release|Any CPU.ActiveCfg = Release|Any CPU
		{EF0D3529-785C-4A89-B3CE-5D44575D6929}.Release|Any CPU.Build.0 = Release|Any CPU
	EndGlobalSection
	GlobalSection(SolutionProperties) = preSolution
		HideSolutionNode = FALSE
	EndGlobalSection
EndGlobal
